
Microsoft Visual Studio Solution File, Format Version 12.00
# Visual Studio Version 17
VisualStudioVersion = 17.0.31903.59
MinimumVisualStudioVersion = 10.0.40219.1
Project("{2150E333-8FDC-42A3-9474-1A3956D46DE8}") = "Modules", "Modules", "{392A0976-6E08-43C0-ADBF-3544D5A02601}"
EndProject
Project("{2150E333-8FDC-42A3-9474-1A3956D46DE8}") = "IdContext", "IdContext", "{852DE349-0E8E-4722-A2D7-521DD776C3E3}"
EndProject
Project("{FAE04EC0-301F-11D3-BF4B-00C04F79EFBC}") = "IdContext.Core", "Modules\IdContext\IdContext.Core\IdContext.Core.csproj", "{7653C4F9-ACF2-49BD-A8F6-AFF34933A1E9}"
EndProject
Project("{FAE04EC0-301F-11D3-BF4B-00C04F79EFBC}") = "IdContext.Infrastructure", "Modules\IdContext\IdContext.Infrastructure\IdContext.Infrastructure.csproj", "{B60E74E3-55E6-43D3-8903-6C8097577335}"
EndProject
Project("{FAE04EC0-301F-11D3-BF4B-00C04F79EFBC}") = "IdContext.Application", "Modules\IdContext\IdContext.Application\IdContext.Application.csproj", "{EC036D55-D21A-4F20-A91B-81F1970FB509}"
EndProject
Project("{FAE04EC0-301F-11D3-BF4B-00C04F79EFBC}") = "Aceicar.WebApi", "Aceicar.WebApi\Aceicar.WebApi.csproj", "{F636AA08-1453-4855-9F5E-F43DCCC94EE5}"
EndProject
Project("{FAE04EC0-301F-11D3-BF4B-00C04F79EFBC}") = "IdContext.Api", "Modules\IdContext\IdContext.Api\IdContext.Api.csproj", "{C874A001-6FE3-4032-90D3-B97B40C2C8FE}"
EndProject
Project("{FAE04EC0-301F-11D3-BF4B-00C04F79EFBC}") = "IdContext.Web", "Modules\IdContext\IdContext.Web\IdContext.Web.csproj", "{5132502B-CF69-4758-9114-01B1A2D69CF7}"
EndProject
Global
	GlobalSection(SolutionConfigurationPlatforms) = preSolution
		Debug|Any CPU = Debug|Any CPU
		Release|Any CPU = Release|Any CPU
	EndGlobalSection
	GlobalSection(SolutionProperties) = preSolution
		HideSolutionNode = FALSE
	EndGlobalSection
	GlobalSection(ProjectConfigurationPlatforms) = postSolution
		{7653C4F9-ACF2-49BD-A8F6-AFF34933A1E9}.Debug|Any CPU.ActiveCfg = Debug|Any CPU
		{7653C4F9-ACF2-49BD-A8F6-AFF34933A1E9}.Debug|Any CPU.Build.0 = Debug|Any CPU
		{7653C4F9-ACF2-49BD-A8F6-AFF34933A1E9}.Release|Any CPU.ActiveCfg = Release|Any CPU
		{7653C4F9-ACF2-49BD-A8F6-AFF34933A1E9}.Release|Any CPU.Build.0 = Release|Any CPU
		{B60E74E3-55E6-43D3-8903-6C8097577335}.Debug|Any CPU.ActiveCfg = Debug|Any CPU
		{B60E74E3-55E6-43D3-8903-6C8097577335}.Debug|Any CPU.Build.0 = Debug|Any CPU
		{B60E74E3-55E6-43D3-8903-6C8097577335}.Release|Any CPU.ActiveCfg = Release|Any CPU
		{B60E74E3-55E6-43D3-8903-6C8097577335}.Release|Any CPU.Build.0 = Release|Any CPU
		{EC036D55-D21A-4F20-A91B-81F1970FB509}.Debug|Any CPU.ActiveCfg = Debug|Any CPU
		{EC036D55-D21A-4F20-A91B-81F1970FB509}.Debug|Any CPU.Build.0 = Debug|Any CPU
		{EC036D55-D21A-4F20-A91B-81F1970FB509}.Release|Any CPU.ActiveCfg = Release|Any CPU
		{EC036D55-D21A-4F20-A91B-81F1970FB509}.Release|Any CPU.Build.0 = Release|Any CPU
		{F636AA08-1453-4855-9F5E-F43DCCC94EE5}.Debug|Any CPU.ActiveCfg = Debug|Any CPU
		{F636AA08-1453-4855-9F5E-F43DCCC94EE5}.Debug|Any CPU.Build.0 = Debug|Any CPU
		{F636AA08-1453-4855-9F5E-F43DCCC94EE5}.Release|Any CPU.ActiveCfg = Release|Any CPU
		{F636AA08-1453-4855-9F5E-F43DCCC94EE5}.Release|Any CPU.Build.0 = Release|Any CPU
		{C874A001-6FE3-4032-90D3-B97B40C2C8FE}.Debug|Any CPU.ActiveCfg = Debug|Any CPU
		{C874A001-6FE3-4032-90D3-B97B40C2C8FE}.Debug|Any CPU.Build.0 = Debug|Any CPU
		{C874A001-6FE3-4032-90D3-B97B40C2C8FE}.Release|Any CPU.ActiveCfg = Release|Any CPU
		{C874A001-6FE3-4032-90D3-B97B40C2C8FE}.Release|Any CPU.Build.0 = Release|Any CPU
		{5132502B-CF69-4758-9114-01B1A2D69CF7}.Debug|Any CPU.ActiveCfg = Debug|Any CPU
		{5132502B-CF69-4758-9114-01B1A2D69CF7}.Debug|Any CPU.Build.0 = Debug|Any CPU
		{5132502B-CF69-4758-9114-01B1A2D69CF7}.Release|Any CPU.ActiveCfg = Release|Any CPU
		{5132502B-CF69-4758-9114-01B1A2D69CF7}.Release|Any CPU.Build.0 = Release|Any CPU
	EndGlobalSection
	GlobalSection(NestedProjects) = preSolution
		{852DE349-0E8E-4722-A2D7-521DD776C3E3} = {392A0976-6E08-43C0-ADBF-3544D5A02601}
		{7653C4F9-ACF2-49BD-A8F6-AFF34933A1E9} = {852DE349-0E8E-4722-A2D7-521DD776C3E3}
		{B60E74E3-55E6-43D3-8903-6C8097577335} = {852DE349-0E8E-4722-A2D7-521DD776C3E3}
		{EC036D55-D21A-4F20-A91B-81F1970FB509} = {852DE349-0E8E-4722-A2D7-521DD776C3E3}
		{C874A001-6FE3-4032-90D3-B97B40C2C8FE} = {852DE349-0E8E-4722-A2D7-521DD776C3E3}
		{5132502B-CF69-4758-9114-01B1A2D69CF7} = {852DE349-0E8E-4722-A2D7-521DD776C3E3}
	EndGlobalSection
EndGlobal
