
Microsoft Visual Studio Solution File, Format Version 12.00
# Visual Studio Version 17
VisualStudioVersion = 17.0.31903.59
MinimumVisualStudioVersion = 10.0.40219.1
Project("{2150E333-8FDC-42A3-9474-1A3956D46DE8}") = "Modules", "Modules", "{392A0976-6E08-43C0-ADBF-3544D5A02601}"
EndProject
Project("{FAE04EC0-301F-11D3-BF4B-00C04F79EFBC}") = "Aceicar.WebApi", "Aceicar.WebApi\Aceicar.WebApi.csproj", "{F636AA08-1453-4855-9F5E-F43DCCC94EE5}"
EndProject
Project("{2150E333-8FDC-42A3-9474-1A3956D46DE8}") = "Common", "Common", "{920DC717-3BE2-4ACC-85C9-2EA23BC75A35}"
EndProject
Project("{FAE04EC0-301F-11D3-BF4B-00C04F79EFBC}") = "Common.IntegrationEvents", "Modules\Common\Common.IntegrationEvents\Common.IntegrationEvents.csproj", "{DA3AF805-32B4-40A2-A3CF-AA42F05F7156}"
EndProject
Project("{FAE04EC0-301F-11D3-BF4B-00C04F79EFBC}") = "Common.Basis", "Modules\Common\Common.Basis\Common.Basis.csproj", "{3523AAFC-32C5-4DA6-9526-C6CB1B28B4D3}"
EndProject
Project("{2150E333-8FDC-42A3-9474-1A3956D46DE8}") = "NotificationSystem", "NotificationSystem", "{336931E2-1A94-4F24-B7FA-4F649B5B209B}"
EndProject
Project("{FAE04EC0-301F-11D3-BF4B-00C04F79EFBC}") = "NotificationSystem.Core", "Modules\NotificationSystem\NotificationSystem.Core\NotificationSystem.Core.csproj", "{FAB9578E-FC66-451E-BFA7-ECB56F4E1E2A}"
EndProject
Project("{FAE04EC0-301F-11D3-BF4B-00C04F79EFBC}") = "NotificationSystem.Application", "Modules\NotificationSystem\NotificationSystem.Application\NotificationSystem.Application.csproj", "{651AB6CA-BD94-4DF7-8ADC-966F3441DF86}"
EndProject
Project("{FAE04EC0-301F-11D3-BF4B-00C04F79EFBC}") = "NotificationSystem.Infrastructure", "Modules\NotificationSystem\NotificationSystem.Infrastructure\NotificationSystem.Infrastructure.csproj", "{17B76582-44C0-4415-864F-88163128C5A0}"
EndProject
Project("{2150E333-8FDC-42A3-9474-1A3956D46DE8}") = "UserContext", "UserContext", "{87A04AE8-1CBC-4B1F-9420-7B861D010B85}"
EndProject
Project("{FAE04EC0-301F-11D3-BF4B-00C04F79EFBC}") = "UserContext.Application", "Modules\UserContext\UserContext.Application\UserContext.Application.csproj", "{10B8AF67-0EF2-425A-BD4A-1ABFD32FB1EE}"
EndProject
Project("{FAE04EC0-301F-11D3-BF4B-00C04F79EFBC}") = "UserContext.Infrastructure", "Modules\UserContext\UserContext.Infrastructure\UserContext.Infrastructure.csproj", "{5E64AAA8-D653-44D5-BDA0-389BA6A5BE72}"
EndProject
Project("{FAE04EC0-301F-11D3-BF4B-00C04F79EFBC}") = "UserContext.Core", "Modules\UserContext\UserContext.Core\UserContext.Core.csproj", "{2DF729DD-AFE8-4A93-B66F-D8C97D30891D}"
EndProject
Project("{FAE04EC0-301F-11D3-BF4B-00C04F79EFBC}") = "UserContext.Api", "Modules\UserContext\UserContext.Api\UserContext.Api.csproj", "{C62FEA40-4B86-45B9-BB5C-FA50AA4457C6}"
EndProject
Project("{2150E333-8FDC-42A3-9474-1A3956D46DE8}") = "CompanyContext", "CompanyContext", "{EB8BA128-8A3E-40EE-85D9-BED8D434CF95}"
EndProject
Project("{FAE04EC0-301F-11D3-BF4B-00C04F79EFBC}") = "CompanyContext.Application", "Modules\CompanyContext\CompanyContext.Application\CompanyContext.Application.csproj", "{5180E176-7502-447B-B04D-22139278084B}"
EndProject
Project("{FAE04EC0-301F-11D3-BF4B-00C04F79EFBC}") = "CompanyContext.Infrastructure", "Modules\CompanyContext\CompanyContext.Infrastructure\CompanyContext.Infrastructure.csproj", "{74583E2B-CFAA-4956-8198-67DD9256D92C}"
EndProject
Project("{FAE04EC0-301F-11D3-BF4B-00C04F79EFBC}") = "CompanyContext.Core", "Modules\CompanyContext\CompanyContext.Core\CompanyContext.Core.csproj", "{00DA3F84-D0D6-4010-922E-21E9CD078A59}"
EndProject
Global
	GlobalSection(SolutionConfigurationPlatforms) = preSolution
		Debug|Any CPU = Debug|Any CPU
		Release|Any CPU = Release|Any CPU
	EndGlobalSection
	GlobalSection(SolutionProperties) = preSolution
		HideSolutionNode = FALSE
	EndGlobalSection
	GlobalSection(ProjectConfigurationPlatforms) = postSolution
		{F636AA08-1453-4855-9F5E-F43DCCC94EE5}.Debug|Any CPU.ActiveCfg = Debug|Any CPU
		{F636AA08-1453-4855-9F5E-F43DCCC94EE5}.Debug|Any CPU.Build.0 = Debug|Any CPU
		{F636AA08-1453-4855-9F5E-F43DCCC94EE5}.Release|Any CPU.ActiveCfg = Release|Any CPU
		{F636AA08-1453-4855-9F5E-F43DCCC94EE5}.Release|Any CPU.Build.0 = Release|Any CPU
		{DA3AF805-32B4-40A2-A3CF-AA42F05F7156}.Debug|Any CPU.ActiveCfg = Debug|Any CPU
		{DA3AF805-32B4-40A2-A3CF-AA42F05F7156}.Debug|Any CPU.Build.0 = Debug|Any CPU
		{DA3AF805-32B4-40A2-A3CF-AA42F05F7156}.Release|Any CPU.ActiveCfg = Release|Any CPU
		{DA3AF805-32B4-40A2-A3CF-AA42F05F7156}.Release|Any CPU.Build.0 = Release|Any CPU
		{3523AAFC-32C5-4DA6-9526-C6CB1B28B4D3}.Debug|Any CPU.ActiveCfg = Debug|Any CPU
		{3523AAFC-32C5-4DA6-9526-C6CB1B28B4D3}.Debug|Any CPU.Build.0 = Debug|Any CPU
		{3523AAFC-32C5-4DA6-9526-C6CB1B28B4D3}.Release|Any CPU.ActiveCfg = Release|Any CPU
		{3523AAFC-32C5-4DA6-9526-C6CB1B28B4D3}.Release|Any CPU.Build.0 = Release|Any CPU
		{FAB9578E-FC66-451E-BFA7-ECB56F4E1E2A}.Debug|Any CPU.ActiveCfg = Debug|Any CPU
		{FAB9578E-FC66-451E-BFA7-ECB56F4E1E2A}.Debug|Any CPU.Build.0 = Debug|Any CPU
		{FAB9578E-FC66-451E-BFA7-ECB56F4E1E2A}.Release|Any CPU.ActiveCfg = Release|Any CPU
		{FAB9578E-FC66-451E-BFA7-ECB56F4E1E2A}.Release|Any CPU.Build.0 = Release|Any CPU
		{651AB6CA-BD94-4DF7-8ADC-966F3441DF86}.Debug|Any CPU.ActiveCfg = Debug|Any CPU
		{651AB6CA-BD94-4DF7-8ADC-966F3441DF86}.Debug|Any CPU.Build.0 = Debug|Any CPU
		{651AB6CA-BD94-4DF7-8ADC-966F3441DF86}.Release|Any CPU.ActiveCfg = Release|Any CPU
		{651AB6CA-BD94-4DF7-8ADC-966F3441DF86}.Release|Any CPU.Build.0 = Release|Any CPU
		{17B76582-44C0-4415-864F-88163128C5A0}.Debug|Any CPU.ActiveCfg = Debug|Any CPU
		{17B76582-44C0-4415-864F-88163128C5A0}.Debug|Any CPU.Build.0 = Debug|Any CPU
		{17B76582-44C0-4415-864F-88163128C5A0}.Release|Any CPU.ActiveCfg = Release|Any CPU
		{17B76582-44C0-4415-864F-88163128C5A0}.Release|Any CPU.Build.0 = Release|Any CPU
		{10B8AF67-0EF2-425A-BD4A-1ABFD32FB1EE}.Debug|Any CPU.ActiveCfg = Debug|Any CPU
		{10B8AF67-0EF2-425A-BD4A-1ABFD32FB1EE}.Debug|Any CPU.Build.0 = Debug|Any CPU
		{10B8AF67-0EF2-425A-BD4A-1ABFD32FB1EE}.Release|Any CPU.ActiveCfg = Release|Any CPU
		{10B8AF67-0EF2-425A-BD4A-1ABFD32FB1EE}.Release|Any CPU.Build.0 = Release|Any CPU
		{5E64AAA8-D653-44D5-BDA0-389BA6A5BE72}.Debug|Any CPU.ActiveCfg = Debug|Any CPU
		{5E64AAA8-D653-44D5-BDA0-389BA6A5BE72}.Debug|Any CPU.Build.0 = Debug|Any CPU
		{5E64AAA8-D653-44D5-BDA0-389BA6A5BE72}.Release|Any CPU.ActiveCfg = Release|Any CPU
		{5E64AAA8-D653-44D5-BDA0-389BA6A5BE72}.Release|Any CPU.Build.0 = Release|Any CPU
		{2DF729DD-AFE8-4A93-B66F-D8C97D30891D}.Debug|Any CPU.ActiveCfg = Debug|Any CPU
		{2DF729DD-AFE8-4A93-B66F-D8C97D30891D}.Debug|Any CPU.Build.0 = Debug|Any CPU
		{2DF729DD-AFE8-4A93-B66F-D8C97D30891D}.Release|Any CPU.ActiveCfg = Release|Any CPU
		{2DF729DD-AFE8-4A93-B66F-D8C97D30891D}.Release|Any CPU.Build.0 = Release|Any CPU
		{C62FEA40-4B86-45B9-BB5C-FA50AA4457C6}.Debug|Any CPU.ActiveCfg = Debug|Any CPU
		{C62FEA40-4B86-45B9-BB5C-FA50AA4457C6}.Debug|Any CPU.Build.0 = Debug|Any CPU
		{C62FEA40-4B86-45B9-BB5C-FA50AA4457C6}.Release|Any CPU.ActiveCfg = Release|Any CPU
		{C62FEA40-4B86-45B9-BB5C-FA50AA4457C6}.Release|Any CPU.Build.0 = Release|Any CPU
		{5180E176-7502-447B-B04D-22139278084B}.Debug|Any CPU.ActiveCfg = Debug|Any CPU
		{5180E176-7502-447B-B04D-22139278084B}.Debug|Any CPU.Build.0 = Debug|Any CPU
		{5180E176-7502-447B-B04D-22139278084B}.Release|Any CPU.ActiveCfg = Release|Any CPU
		{5180E176-7502-447B-B04D-22139278084B}.Release|Any CPU.Build.0 = Release|Any CPU
		{74583E2B-CFAA-4956-8198-67DD9256D92C}.Debug|Any CPU.ActiveCfg = Debug|Any CPU
		{74583E2B-CFAA-4956-8198-67DD9256D92C}.Debug|Any CPU.Build.0 = Debug|Any CPU
		{74583E2B-CFAA-4956-8198-67DD9256D92C}.Release|Any CPU.ActiveCfg = Release|Any CPU
		{74583E2B-CFAA-4956-8198-67DD9256D92C}.Release|Any CPU.Build.0 = Release|Any CPU
		{00DA3F84-D0D6-4010-922E-21E9CD078A59}.Debug|Any CPU.ActiveCfg = Debug|Any CPU
		{00DA3F84-D0D6-4010-922E-21E9CD078A59}.Debug|Any CPU.Build.0 = Debug|Any CPU
		{00DA3F84-D0D6-4010-922E-21E9CD078A59}.Release|Any CPU.ActiveCfg = Release|Any CPU
		{00DA3F84-D0D6-4010-922E-21E9CD078A59}.Release|Any CPU.Build.0 = Release|Any CPU
	EndGlobalSection
	GlobalSection(NestedProjects) = preSolution
		{920DC717-3BE2-4ACC-85C9-2EA23BC75A35} = {392A0976-6E08-43C0-ADBF-3544D5A02601}
		{DA3AF805-32B4-40A2-A3CF-AA42F05F7156} = {920DC717-3BE2-4ACC-85C9-2EA23BC75A35}
		{3523AAFC-32C5-4DA6-9526-C6CB1B28B4D3} = {920DC717-3BE2-4ACC-85C9-2EA23BC75A35}
		{336931E2-1A94-4F24-B7FA-4F649B5B209B} = {392A0976-6E08-43C0-ADBF-3544D5A02601}
		{FAB9578E-FC66-451E-BFA7-ECB56F4E1E2A} = {336931E2-1A94-4F24-B7FA-4F649B5B209B}
		{651AB6CA-BD94-4DF7-8ADC-966F3441DF86} = {336931E2-1A94-4F24-B7FA-4F649B5B209B}
		{17B76582-44C0-4415-864F-88163128C5A0} = {336931E2-1A94-4F24-B7FA-4F649B5B209B}
		{87A04AE8-1CBC-4B1F-9420-7B861D010B85} = {392A0976-6E08-43C0-ADBF-3544D5A02601}
		{10B8AF67-0EF2-425A-BD4A-1ABFD32FB1EE} = {87A04AE8-1CBC-4B1F-9420-7B861D010B85}
		{5E64AAA8-D653-44D5-BDA0-389BA6A5BE72} = {87A04AE8-1CBC-4B1F-9420-7B861D010B85}
		{2DF729DD-AFE8-4A93-B66F-D8C97D30891D} = {87A04AE8-1CBC-4B1F-9420-7B861D010B85}
		{C62FEA40-4B86-45B9-BB5C-FA50AA4457C6} = {87A04AE8-1CBC-4B1F-9420-7B861D010B85}
		{EB8BA128-8A3E-40EE-85D9-BED8D434CF95} = {392A0976-6E08-43C0-ADBF-3544D5A02601}
		{5180E176-7502-447B-B04D-22139278084B} = {EB8BA128-8A3E-40EE-85D9-BED8D434CF95}
		{74583E2B-CFAA-4956-8198-67DD9256D92C} = {EB8BA128-8A3E-40EE-85D9-BED8D434CF95}
		{00DA3F84-D0D6-4010-922E-21E9CD078A59} = {EB8BA128-8A3E-40EE-85D9-BED8D434CF95}
	EndGlobalSection
EndGlobal
